
Microsoft Visual Studio Solution File, Format Version 12.00
# Visual Studio Version 17
VisualStudioVersion = 17.12.35209.166
MinimumVisualStudioVersion = 10.0.40219.1
Project("{2150E333-8FDC-42A3-9474-1A3956D46DE8}") = "Src", "Src", "{C6608CAD-057A-47B2-9390-C27E873922C5}"
EndProject
Project("{2150E333-8FDC-42A3-9474-1A3956D46DE8}") = "Tests", "Tests", "{FB53B6EF-993A-4691-BC16-8B23029B75A1}"
EndProject
Project("{2150E333-8FDC-42A3-9474-1A3956D46DE8}") = "Cores", "Cores", "{36352F49-32AD-4872-857E-25E6B10B04C9}"
EndProject
Project("{2150E333-8FDC-42A3-9474-1A3956D46DE8}") = "Infra", "Infra", "{FEBC56C3-0152-4276-BAC3-79C7EED976A7}"
EndProject
Project("{2150E333-8FDC-42A3-9474-1A3956D46DE8}") = "Presentations", "Presentations", "{761DC10B-97E2-4E35-8371-D548C8C9BE7F}"
EndProject
Project("{2150E333-8FDC-42A3-9474-1A3956D46DE8}") = "Server", "Server", "{3BB915E1-DA07-41E4-B604-3E08B93E48AE}"
EndProject
Project("{FAE04EC0-301F-11D3-BF4B-00C04F79EFBC}") = "Server.MainApp", "Src\Presentations\Server\Server.MainApp\Server.MainApp.csproj", "{B10968EB-9C51-420C-B696-74901CC941A6}"
EndProject
Project("{2150E333-8FDC-42A3-9474-1A3956D46DE8}") = "School", "School", "{A34E4ACC-D4B7-4801-98B8-01E4A673DFA5}"
EndProject
Project("{FAE04EC0-301F-11D3-BF4B-00C04F79EFBC}") = "Domains.School", "Src\Cores\School\Domains.School\Domains.School.csproj", "{B6D1CA11-0FE0-40AC-A00C-64F4E61E3277}"
EndProject
Project("{FAE04EC0-301F-11D3-BF4B-00C04F79EFBC}") = "Apps.School", "Src\Cores\School\Apps.School\Apps.School.csproj", "{976DEDF8-873C-456C-9289-F89D43CADBF7}"
EndProject
Project("{FAE04EC0-301F-11D3-BF4B-00C04F79EFBC}") = "Infra.SqlServerWithEF", "Src\Infra\Infra.SqlServerWithEF\Infra.SqlServerWithEF.csproj", "{B130DCF6-857A-4F57-A22C-F21F9F27B5A3}"
EndProject
Project("{2150E333-8FDC-42A3-9474-1A3956D46DE8}") = "Shared", "Shared", "{AF434C7A-0F3D-4F21-92DF-2F158727DD42}"
EndProject
Project("{FAE04EC0-301F-11D3-BF4B-00C04F79EFBC}") = "Shared.Files", "Src\Shared\Shared.Files\Shared.Files.csproj", "{F1173381-83F4-4A7F-AD7E-17BF109DE1FB}"
EndProject
Project("{2150E333-8FDC-42A3-9474-1A3956D46DE8}") = "UnitTests", "UnitTests", "{BCDAC15E-A337-4AC0-994A-2F982E9CA21D}"
EndProject
Project("{2150E333-8FDC-42A3-9474-1A3956D46DE8}") = "Cores", "Cores", "{8DA3201D-326F-4B8A-9AB3-D815409C74AD}"
EndProject
Project("{2150E333-8FDC-42A3-9474-1A3956D46DE8}") = "School", "School", "{F57951E8-4555-46EC-9C0C-3366E077C62B}"
EndProject
Project("{FAE04EC0-301F-11D3-BF4B-00C04F79EFBC}") = "UnTests.Apps.School", "Tests\UnitTests\Cores\School\UnTests.Apps.School\UnTests.Apps.School.csproj", "{065C2897-61FE-4B8B-866D-BA081E21B78F}"
EndProject
Global
	GlobalSection(SolutionConfigurationPlatforms) = preSolution
		Debug|Any CPU = Debug|Any CPU
		Release|Any CPU = Release|Any CPU
	EndGlobalSection
	GlobalSection(ProjectConfigurationPlatforms) = postSolution
		{B10968EB-9C51-420C-B696-74901CC941A6}.Debug|Any CPU.ActiveCfg = Debug|Any CPU
		{B10968EB-9C51-420C-B696-74901CC941A6}.Debug|Any CPU.Build.0 = Debug|Any CPU
		{B10968EB-9C51-420C-B696-74901CC941A6}.Release|Any CPU.ActiveCfg = Release|Any CPU
		{B10968EB-9C51-420C-B696-74901CC941A6}.Release|Any CPU.Build.0 = Release|Any CPU
		{B6D1CA11-0FE0-40AC-A00C-64F4E61E3277}.Debug|Any CPU.ActiveCfg = Debug|Any CPU
		{B6D1CA11-0FE0-40AC-A00C-64F4E61E3277}.Debug|Any CPU.Build.0 = Debug|Any CPU
		{B6D1CA11-0FE0-40AC-A00C-64F4E61E3277}.Release|Any CPU.ActiveCfg = Release|Any CPU
		{B6D1CA11-0FE0-40AC-A00C-64F4E61E3277}.Release|Any CPU.Build.0 = Release|Any CPU
		{976DEDF8-873C-456C-9289-F89D43CADBF7}.Debug|Any CPU.ActiveCfg = Debug|Any CPU
		{976DEDF8-873C-456C-9289-F89D43CADBF7}.Debug|Any CPU.Build.0 = Debug|Any CPU
		{976DEDF8-873C-456C-9289-F89D43CADBF7}.Release|Any CPU.ActiveCfg = Release|Any CPU
		{976DEDF8-873C-456C-9289-F89D43CADBF7}.Release|Any CPU.Build.0 = Release|Any CPU
		{B130DCF6-857A-4F57-A22C-F21F9F27B5A3}.Debug|Any CPU.ActiveCfg = Debug|Any CPU
		{B130DCF6-857A-4F57-A22C-F21F9F27B5A3}.Debug|Any CPU.Build.0 = Debug|Any CPU
		{B130DCF6-857A-4F57-A22C-F21F9F27B5A3}.Release|Any CPU.ActiveCfg = Release|Any CPU
		{B130DCF6-857A-4F57-A22C-F21F9F27B5A3}.Release|Any CPU.Build.0 = Release|Any CPU
		{F1173381-83F4-4A7F-AD7E-17BF109DE1FB}.Debug|Any CPU.ActiveCfg = Debug|Any CPU
		{F1173381-83F4-4A7F-AD7E-17BF109DE1FB}.Debug|Any CPU.Build.0 = Debug|Any CPU
		{F1173381-83F4-4A7F-AD7E-17BF109DE1FB}.Release|Any CPU.ActiveCfg = Release|Any CPU
		{F1173381-83F4-4A7F-AD7E-17BF109DE1FB}.Release|Any CPU.Build.0 = Release|Any CPU
		{065C2897-61FE-4B8B-866D-BA081E21B78F}.Debug|Any CPU.ActiveCfg = Debug|Any CPU
		{065C2897-61FE-4B8B-866D-BA081E21B78F}.Debug|Any CPU.Build.0 = Debug|Any CPU
		{065C2897-61FE-4B8B-866D-BA081E21B78F}.Release|Any CPU.ActiveCfg = Release|Any CPU
		{065C2897-61FE-4B8B-866D-BA081E21B78F}.Release|Any CPU.Build.0 = Release|Any CPU
	EndGlobalSection
	GlobalSection(SolutionProperties) = preSolution
		HideSolutionNode = FALSE
	EndGlobalSection
	GlobalSection(NestedProjects) = preSolution
		{36352F49-32AD-4872-857E-25E6B10B04C9} = {C6608CAD-057A-47B2-9390-C27E873922C5}
		{FEBC56C3-0152-4276-BAC3-79C7EED976A7} = {C6608CAD-057A-47B2-9390-C27E873922C5}
		{761DC10B-97E2-4E35-8371-D548C8C9BE7F} = {C6608CAD-057A-47B2-9390-C27E873922C5}
		{3BB915E1-DA07-41E4-B604-3E08B93E48AE} = {761DC10B-97E2-4E35-8371-D548C8C9BE7F}
		{B10968EB-9C51-420C-B696-74901CC941A6} = {3BB915E1-DA07-41E4-B604-3E08B93E48AE}
		{A34E4ACC-D4B7-4801-98B8-01E4A673DFA5} = {36352F49-32AD-4872-857E-25E6B10B04C9}
		{B6D1CA11-0FE0-40AC-A00C-64F4E61E3277} = {A34E4ACC-D4B7-4801-98B8-01E4A673DFA5}
		{976DEDF8-873C-456C-9289-F89D43CADBF7} = {A34E4ACC-D4B7-4801-98B8-01E4A673DFA5}
		{B130DCF6-857A-4F57-A22C-F21F9F27B5A3} = {FEBC56C3-0152-4276-BAC3-79C7EED976A7}
		{AF434C7A-0F3D-4F21-92DF-2F158727DD42} = {C6608CAD-057A-47B2-9390-C27E873922C5}
		{F1173381-83F4-4A7F-AD7E-17BF109DE1FB} = {AF434C7A-0F3D-4F21-92DF-2F158727DD42}
		{BCDAC15E-A337-4AC0-994A-2F982E9CA21D} = {FB53B6EF-993A-4691-BC16-8B23029B75A1}
		{8DA3201D-326F-4B8A-9AB3-D815409C74AD} = {BCDAC15E-A337-4AC0-994A-2F982E9CA21D}
		{F57951E8-4555-46EC-9C0C-3366E077C62B} = {8DA3201D-326F-4B8A-9AB3-D815409C74AD}
		{065C2897-61FE-4B8B-866D-BA081E21B78F} = {F57951E8-4555-46EC-9C0C-3366E077C62B}
	EndGlobalSection
	GlobalSection(ExtensibilityGlobals) = postSolution
		SolutionGuid = {CA959EFB-FB6B-461D-BA08-745D2448D1FF}
	EndGlobalSection
EndGlobal
